// !$*UTF8*$!
{
	archiveVersion = 1;
	classes = {
	};
	objectVersion = 56;
	objects = {

/* Begin PBXBuildFile section */
		C41DF63E2B64924A00824B1C /* Media.xcassets in Resources */ = {isa = PBXBuildFile; fileRef = C41DF63D2B64924A00824B1C /* Media.xcassets */; };
		C438AEA12B61F01A00406A19 /* CalculatePointToMm.swift in Sources */ = {isa = PBXBuildFile; fileRef = C438AEA02B61F01A00406A19 /* CalculatePointToMm.swift */; };
		C4756CA12B69968100D0E549 /* HelpViewController.swift in Sources */ = {isa = PBXBuildFile; fileRef = C4756CA02B69968100D0E549 /* HelpViewController.swift */; };
		C4AA18672B56A4800037869F /* AppDelegate.swift in Sources */ = {isa = PBXBuildFile; fileRef = C4AA18662B56A4800037869F /* AppDelegate.swift */; };
		C4AA18692B56A4800037869F /* SceneDelegate.swift in Sources */ = {isa = PBXBuildFile; fileRef = C4AA18682B56A4800037869F /* SceneDelegate.swift */; };
		C4AA186B2B56A4800037869F /* ViewController.swift in Sources */ = {isa = PBXBuildFile; fileRef = C4AA186A2B56A4800037869F /* ViewController.swift */; };
		C4AA186E2B56A4800037869F /* Main.storyboard in Resources */ = {isa = PBXBuildFile; fileRef = C4AA186C2B56A4800037869F /* Main.storyboard */; };
		C4AA18732B56A4820037869F /* LaunchScreen.storyboard in Resources */ = {isa = PBXBuildFile; fileRef = C4AA18712B56A4820037869F /* LaunchScreen.storyboard */; };
		C4AA187B2B56A4DA0037869F /* CircleView.swift in Sources */ = {isa = PBXBuildFile; fileRef = C4AA187A2B56A4DA0037869F /* CircleView.swift */; };
		C4AD624A2B5F390600D1B16F /* FingerViewController.swift in Sources */ = {isa = PBXBuildFile; fileRef = C4AD62492B5F390600D1B16F /* FingerViewController.swift */; };
		C4F6342C2B605A2B0006657B /* FingerView.swift in Sources */ = {isa = PBXBuildFile; fileRef = C4F6342B2B605A2B0006657B /* FingerView.swift */; };
/* End PBXBuildFile section */

/* Begin PBXFileReference section */
		C41DF63D2B64924A00824B1C /* Media.xcassets */ = {isa = PBXFileReference; lastKnownFileType = folder.assetcatalog; path = Media.xcassets; sourceTree = "<group>"; };
		C438AEA02B61F01A00406A19 /* CalculatePointToMm.swift */ = {isa = PBXFileReference; lastKnownFileType = sourcecode.swift; path = CalculatePointToMm.swift; sourceTree = "<group>"; };
		C4756CA02B69968100D0E549 /* HelpViewController.swift */ = {isa = PBXFileReference; lastKnownFileType = sourcecode.swift; path = HelpViewController.swift; sourceTree = "<group>"; };
		C4AA18632B56A4800037869F /* Anneau.app */ = {isa = PBXFileReference; explicitFileType = wrapper.application; includeInIndex = 0; path = Anneau.app; sourceTree = BUILT_PRODUCTS_DIR; };
		C4AA18662B56A4800037869F /* AppDelegate.swift */ = {isa = PBXFileReference; lastKnownFileType = sourcecode.swift; path = AppDelegate.swift; sourceTree = "<group>"; };
		C4AA18682B56A4800037869F /* SceneDelegate.swift */ = {isa = PBXFileReference; lastKnownFileType = sourcecode.swift; path = SceneDelegate.swift; sourceTree = "<group>"; };
		C4AA186A2B56A4800037869F /* ViewController.swift */ = {isa = PBXFileReference; lastKnownFileType = sourcecode.swift; path = ViewController.swift; sourceTree = "<group>"; };
		C4AA186D2B56A4800037869F /* Base */ = {isa = PBXFileReference; lastKnownFileType = file.storyboard; name = Base; path = Base.lproj/Main.storyboard; sourceTree = "<group>"; };
		C4AA18722B56A4820037869F /* Base */ = {isa = PBXFileReference; lastKnownFileType = file.storyboard; name = Base; path = Base.lproj/LaunchScreen.storyboard; sourceTree = "<group>"; };
		C4AA18742B56A4820037869F /* Info.plist */ = {isa = PBXFileReference; lastKnownFileType = text.plist.xml; path = Info.plist; sourceTree = "<group>"; };
		C4AA187A2B56A4DA0037869F /* CircleView.swift */ = {isa = PBXFileReference; lastKnownFileType = sourcecode.swift; path = CircleView.swift; sourceTree = "<group>"; };
		C4AD62492B5F390600D1B16F /* FingerViewController.swift */ = {isa = PBXFileReference; lastKnownFileType = sourcecode.swift; path = FingerViewController.swift; sourceTree = "<group>"; };
		C4F6342B2B605A2B0006657B /* FingerView.swift */ = {isa = PBXFileReference; lastKnownFileType = sourcecode.swift; path = FingerView.swift; sourceTree = "<group>"; };
/* End PBXFileReference section */

/* Begin PBXFrameworksBuildPhase section */
		C4AA18602B56A4800037869F /* Frameworks */ = {
			isa = PBXFrameworksBuildPhase;
			buildActionMask = 2147483647;
			files = (
			);
			runOnlyForDeploymentPostprocessing = 0;
		};
/* End PBXFrameworksBuildPhase section */

/* Begin PBXGroup section */
		C48FDC0E2B7390D200F6FF1F /* Model */ = {
			isa = PBXGroup;
			children = (
				C41DF63D2B64924A00824B1C /* Media.xcassets */,
				C438AEA02B61F01A00406A19 /* CalculatePointToMm.swift */,
			);
			path = Model;
			sourceTree = "<group>";
		};
		C48FDC0F2B73918D00F6FF1F /* View */ = {
			isa = PBXGroup;
			children = (
				C4AA186C2B56A4800037869F /* Main.storyboard */,
				C4AA18712B56A4820037869F /* LaunchScreen.storyboard */,
				C4AA187A2B56A4DA0037869F /* CircleView.swift */,
				C4F6342B2B605A2B0006657B /* FingerView.swift */,
			);
			path = View;
			sourceTree = "<group>";
		};
		C48FDC102B7391C800F6FF1F /* Controller */ = {
			isa = PBXGroup;
			children = (
				C4AA18682B56A4800037869F /* SceneDelegate.swift */,
				C4AA18662B56A4800037869F /* AppDelegate.swift */,
				C4AA186A2B56A4800037869F /* ViewController.swift */,
				C4AD62492B5F390600D1B16F /* FingerViewController.swift */,
				C4756CA02B69968100D0E549 /* HelpViewController.swift */,
			);
			path = Controller;
			sourceTree = "<group>";
		};
		C4AA185A2B56A4800037869F = {
			isa = PBXGroup;
			children = (
				C4AA18652B56A4800037869F /* Anneau */,
				C4AA18642B56A4800037869F /* Products */,
			);
			sourceTree = "<group>";
		};
		C4AA18642B56A4800037869F /* Products */ = {
			isa = PBXGroup;
			children = (
				C4AA18632B56A4800037869F /* Anneau.app */,
			);
			name = Products;
			sourceTree = "<group>";
		};
		C4AA18652B56A4800037869F /* Anneau */ = {
			isa = PBXGroup;
			children = (
				C48FDC102B7391C800F6FF1F /* Controller */,
				C48FDC0F2B73918D00F6FF1F /* View */,
				C48FDC0E2B7390D200F6FF1F /* Model */,
				C4AA18742B56A4820037869F /* Info.plist */,
			);
			path = Anneau;
			sourceTree = "<group>";
		};
/* End PBXGroup section */

/* Begin PBXNativeTarget section */
		C4AA18622B56A4800037869F /* Anneau */ = {
			isa = PBXNativeTarget;
			buildConfigurationList = C4AA18772B56A4820037869F /* Build configuration list for PBXNativeTarget "Anneau" */;
			buildPhases = (
				C4AA185F2B56A4800037869F /* Sources */,
				C4AA18602B56A4800037869F /* Frameworks */,
				C4AA18612B56A4800037869F /* Resources */,
			);
			buildRules = (
			);
			dependencies = (
			);
			name = Anneau;
			productName = Anneau;
			productReference = C4AA18632B56A4800037869F /* Anneau.app */;
			productType = "com.apple.product-type.application";
		};
/* End PBXNativeTarget section */

/* Begin PBXProject section */
		C4AA185B2B56A4800037869F /* Project object */ = {
			isa = PBXProject;
			attributes = {
				BuildIndependentTargetsInParallel = 1;
				LastSwiftUpdateCheck = 1520;
				LastUpgradeCheck = 1520;
				TargetAttributes = {
					C4AA18622B56A4800037869F = {
						CreatedOnToolsVersion = 15.2;
					};
				};
			};
			buildConfigurationList = C4AA185E2B56A4800037869F /* Build configuration list for PBXProject "Anneau" */;
			compatibilityVersion = "Xcode 14.0";
			developmentRegion = en;
			hasScannedForEncodings = 0;
			knownRegions = (
				en,
				Base,
			);
			mainGroup = C4AA185A2B56A4800037869F;
			productRefGroup = C4AA18642B56A4800037869F /* Products */;
			projectDirPath = "";
			projectRoot = "";
			targets = (
				C4AA18622B56A4800037869F /* Anneau */,
			);
		};
/* End PBXProject section */

/* Begin PBXResourcesBuildPhase section */
		C4AA18612B56A4800037869F /* Resources */ = {
			isa = PBXResourcesBuildPhase;
			buildActionMask = 2147483647;
			files = (
				C4AA18732B56A4820037869F /* LaunchScreen.storyboard in Resources */,
				C41DF63E2B64924A00824B1C /* Media.xcassets in Resources */,
				C4AA186E2B56A4800037869F /* Main.storyboard in Resources */,
			);
			runOnlyForDeploymentPostprocessing = 0;
		};
/* End PBXResourcesBuildPhase section */

/* Begin PBXSourcesBuildPhase section */
		C4AA185F2B56A4800037869F /* Sources */ = {
			isa = PBXSourcesBuildPhase;
			buildActionMask = 2147483647;
			files = (
				C438AEA12B61F01A00406A19 /* CalculatePointToMm.swift in Sources */,
				C4AA187B2B56A4DA0037869F /* CircleView.swift in Sources */,
				C4AA186B2B56A4800037869F /* ViewController.swift in Sources */,
				C4756CA12B69968100D0E549 /* HelpViewController.swift in Sources */,
				C4AA18672B56A4800037869F /* AppDelegate.swift in Sources */,
				C4AA18692B56A4800037869F /* SceneDelegate.swift in Sources */,
				C4AD624A2B5F390600D1B16F /* FingerViewController.swift in Sources */,
				C4F6342C2B605A2B0006657B /* FingerView.swift in Sources */,
			);
			runOnlyForDeploymentPostprocessing = 0;
		};
/* End PBXSourcesBuildPhase section */

/* Begin PBXVariantGroup section */
		C4AA186C2B56A4800037869F /* Main.storyboard */ = {
			isa = PBXVariantGroup;
			children = (
				C4AA186D2B56A4800037869F /* Base */,
			);
			name = Main.storyboard;
			sourceTree = "<group>";
		};
		C4AA18712B56A4820037869F /* LaunchScreen.storyboard */ = {
			isa = PBXVariantGroup;
			children = (
				C4AA18722B56A4820037869F /* Base */,
			);
			name = LaunchScreen.storyboard;
			sourceTree = "<group>";
		};
/* End PBXVariantGroup section */

/* Begin XCBuildConfiguration section */
		C4AA18752B56A4820037869F /* Debug */ = {
			isa = XCBuildConfiguration;
			buildSettings = {
				ALWAYS_SEARCH_USER_PATHS = NO;
				ASSETCATALOG_COMPILER_GENERATE_SWIFT_ASSET_SYMBOL_EXTENSIONS = YES;
				CLANG_ANALYZER_NONNULL = YES;
				CLANG_ANALYZER_NUMBER_OBJECT_CONVERSION = YES_AGGRESSIVE;
				CLANG_CXX_LANGUAGE_STANDARD = "gnu++20";
				CLANG_ENABLE_MODULES = YES;
				CLANG_ENABLE_OBJC_ARC = YES;
				CLANG_ENABLE_OBJC_WEAK = YES;
				CLANG_WARN_BLOCK_CAPTURE_AUTORELEASING = YES;
				CLANG_WARN_BOOL_CONVERSION = YES;
				CLANG_WARN_COMMA = YES;
				CLANG_WARN_CONSTANT_CONVERSION = YES;
				CLANG_WARN_DEPRECATED_OBJC_IMPLEMENTATIONS = YES;
				CLANG_WARN_DIRECT_OBJC_ISA_USAGE = YES_ERROR;
				CLANG_WARN_DOCUMENTATION_COMMENTS = YES;
				CLANG_WARN_EMPTY_BODY = YES;
				CLANG_WARN_ENUM_CONVERSION = YES;
				CLANG_WARN_INFINITE_RECURSION = YES;
				CLANG_WARN_INT_CONVERSION = YES;
				CLANG_WARN_NON_LITERAL_NULL_CONVERSION = YES;
				CLANG_WARN_OBJC_IMPLICIT_RETAIN_SELF = YES;
				CLANG_WARN_OBJC_LITERAL_CONVERSION = YES;
				CLANG_WARN_OBJC_ROOT_CLASS = YES_ERROR;
				CLANG_WARN_QUOTED_INCLUDE_IN_FRAMEWORK_HEADER = YES;
				CLANG_WARN_RANGE_LOOP_ANALYSIS = YES;
				CLANG_WARN_STRICT_PROTOTYPES = YES;
				CLANG_WARN_SUSPICIOUS_MOVE = YES;
				CLANG_WARN_UNGUARDED_AVAILABILITY = YES_AGGRESSIVE;
				CLANG_WARN_UNREACHABLE_CODE = YES;
				CLANG_WARN__DUPLICATE_METHOD_MATCH = YES;
				COPY_PHASE_STRIP = NO;
				DEBUG_INFORMATION_FORMAT = dwarf;
				ENABLE_STRICT_OBJC_MSGSEND = YES;
				ENABLE_TESTABILITY = YES;
				ENABLE_USER_SCRIPT_SANDBOXING = YES;
				GCC_C_LANGUAGE_STANDARD = gnu17;
				GCC_DYNAMIC_NO_PIC = NO;
				GCC_NO_COMMON_BLOCKS = YES;
				GCC_OPTIMIZATION_LEVEL = 0;
				GCC_PREPROCESSOR_DEFINITIONS = (
					"DEBUG=1",
					"$(inherited)",
				);
				GCC_WARN_64_TO_32_BIT_CONVERSION = YES;
				GCC_WARN_ABOUT_RETURN_TYPE = YES_ERROR;
				GCC_WARN_UNDECLARED_SELECTOR = YES;
				GCC_WARN_UNINITIALIZED_AUTOS = YES_AGGRESSIVE;
				GCC_WARN_UNUSED_FUNCTION = YES;
				GCC_WARN_UNUSED_VARIABLE = YES;
				IPHONEOS_DEPLOYMENT_TARGET = 17.2;
				LOCALIZATION_PREFERS_STRING_CATALOGS = YES;
				MTL_ENABLE_DEBUG_INFO = INCLUDE_SOURCE;
				MTL_FAST_MATH = YES;
				ONLY_ACTIVE_ARCH = YES;
				SDKROOT = iphoneos;
				SWIFT_ACTIVE_COMPILATION_CONDITIONS = "DEBUG $(inherited)";
				SWIFT_OPTIMIZATION_LEVEL = "-Onone";
			};
			name = Debug;
		};
		C4AA18762B56A4820037869F /* Release */ = {
			isa = XCBuildConfiguration;
			buildSettings = {
				ALWAYS_SEARCH_USER_PATHS = NO;
				ASSETCATALOG_COMPILER_GENERATE_SWIFT_ASSET_SYMBOL_EXTENSIONS = YES;
				CLANG_ANALYZER_NONNULL = YES;
				CLANG_ANALYZER_NUMBER_OBJECT_CONVERSION = YES_AGGRESSIVE;
				CLANG_CXX_LANGUAGE_STANDARD = "gnu++20";
				CLANG_ENABLE_MODULES = YES;
				CLANG_ENABLE_OBJC_ARC = YES;
				CLANG_ENABLE_OBJC_WEAK = YES;
				CLANG_WARN_BLOCK_CAPTURE_AUTORELEASING = YES;
				CLANG_WARN_BOOL_CONVERSION = YES;
				CLANG_WARN_COMMA = YES;
				CLANG_WARN_CONSTANT_CONVERSION = YES;
				CLANG_WARN_DEPRECATED_OBJC_IMPLEMENTATIONS = YES;
				CLANG_WARN_DIRECT_OBJC_ISA_USAGE = YES_ERROR;
				CLANG_WARN_DOCUMENTATION_COMMENTS = YES;
				CLANG_WARN_EMPTY_BODY = YES;
				CLANG_WARN_ENUM_CONVERSION = YES;
				CLANG_WARN_INFINITE_RECURSION = YES;
				CLANG_WARN_INT_CONVERSION = YES;
				CLANG_WARN_NON_LITERAL_NULL_CONVERSION = YES;
				CLANG_WARN_OBJC_IMPLICIT_RETAIN_SELF = YES;
				CLANG_WARN_OBJC_LITERAL_CONVERSION = YES;
				CLANG_WARN_OBJC_ROOT_CLASS = YES_ERROR;
				CLANG_WARN_QUOTED_INCLUDE_IN_FRAMEWORK_HEADER = YES;
				CLANG_WARN_RANGE_LOOP_ANALYSIS = YES;
				CLANG_WARN_STRICT_PROTOTYPES = YES;
				CLANG_WARN_SUSPICIOUS_MOVE = YES;
				CLANG_WARN_UNGUARDED_AVAILABILITY = YES_AGGRESSIVE;
				CLANG_WARN_UNREACHABLE_CODE = YES;
				CLANG_WARN__DUPLICATE_METHOD_MATCH = YES;
				COPY_PHASE_STRIP = NO;
				DEBUG_INFORMATION_FORMAT = "dwarf-with-dsym";
				ENABLE_NS_ASSERTIONS = NO;
				ENABLE_STRICT_OBJC_MSGSEND = YES;
				ENABLE_USER_SCRIPT_SANDBOXING = YES;
				GCC_C_LANGUAGE_STANDARD = gnu17;
				GCC_NO_COMMON_BLOCKS = YES;
				GCC_WARN_64_TO_32_BIT_CONVERSION = YES;
				GCC_WARN_ABOUT_RETURN_TYPE = YES_ERROR;
				GCC_WARN_UNDECLARED_SELECTOR = YES;
				GCC_WARN_UNINITIALIZED_AUTOS = YES_AGGRESSIVE;
				GCC_WARN_UNUSED_FUNCTION = YES;
				GCC_WARN_UNUSED_VARIABLE = YES;
				IPHONEOS_DEPLOYMENT_TARGET = 17.2;
				LOCALIZATION_PREFERS_STRING_CATALOGS = YES;
				MTL_ENABLE_DEBUG_INFO = NO;
				MTL_FAST_MATH = YES;
				SDKROOT = iphoneos;
				SWIFT_COMPILATION_MODE = wholemodule;
				VALIDATE_PRODUCT = YES;
			};
			name = Release;
		};
		C4AA18782B56A4820037869F /* Debug */ = {
			isa = XCBuildConfiguration;
			buildSettings = {
				ASSETCATALOG_COMPILER_APPICON_NAME = AppIcon;
				ASSETCATALOG_COMPILER_GLOBAL_ACCENT_COLOR_NAME = AccentColor;
				CODE_SIGN_STYLE = Automatic;
				CURRENT_PROJECT_VERSION = 1;
				DEVELOPMENT_TEAM = N656492L52;
				GENERATE_INFOPLIST_FILE = YES;
				INFOPLIST_FILE = Anneau/Info.plist;
				INFOPLIST_KEY_UIApplicationSupportsIndirectInputEvents = YES;
				INFOPLIST_KEY_UILaunchStoryboardName = LaunchScreen;
				INFOPLIST_KEY_UIMainStoryboardFile = Main;
				INFOPLIST_KEY_UISupportedInterfaceOrientations = "UIInterfaceOrientationPortrait UIInterfaceOrientationPortraitUpsideDown";
				IPHONEOS_DEPLOYMENT_TARGET = 13.0;
				LD_RUNPATH_SEARCH_PATHS = (
					"$(inherited)",
					"@executable_path/Frameworks",
				);
				MARKETING_VERSION = 1.0;
				PRODUCT_BUNDLE_IDENTIFIER = com.filipeSA.Anneau;
				PRODUCT_NAME = "$(TARGET_NAME)";
				SWIFT_EMIT_LOC_STRINGS = YES;
				SWIFT_VERSION = 5.0;
				TARGETED_DEVICE_FAMILY = "1,2";
			};
			name = Debug;
		};
		C4AA18792B56A4820037869F /* Release */ = {
			isa = XCBuildConfiguration;
			buildSettings = {
				ASSETCATALOG_COMPILER_APPICON_NAME = AppIcon;
				ASSETCATALOG_COMPILER_GLOBAL_ACCENT_COLOR_NAME = AccentColor;
				CODE_SIGN_STYLE = Automatic;
				CURRENT_PROJECT_VERSION = 1;
				DEVELOPMENT_TEAM = N656492L52;
				GENERATE_INFOPLIST_FILE = YES;
				INFOPLIST_FILE = Anneau/Info.plist;
				INFOPLIST_KEY_UIApplicationSupportsIndirectInputEvents = YES;
				INFOPLIST_KEY_UILaunchStoryboardName = LaunchScreen;
				INFOPLIST_KEY_UIMainStoryboardFile = Main;
				INFOPLIST_KEY_UISupportedInterfaceOrientations = "UIInterfaceOrientationPortrait UIInterfaceOrientationPortraitUpsideDown";
				IPHONEOS_DEPLOYMENT_TARGET = 13.0;
				LD_RUNPATH_SEARCH_PATHS = (
					"$(inherited)",
					"@executable_path/Frameworks",
				);
				MARKETING_VERSION = 1.0;
				PRODUCT_BUNDLE_IDENTIFIER = com.filipeSA.Anneau;
				PRODUCT_NAME = "$(TARGET_NAME)";
				SWIFT_EMIT_LOC_STRINGS = YES;
				SWIFT_VERSION = 5.0;
				TARGETED_DEVICE_FAMILY = "1,2";
			};
			name = Release;
		};
/* End XCBuildConfiguration section */

/* Begin XCConfigurationList section */
		C4AA185E2B56A4800037869F /* Build configuration list for PBXProject "Anneau" */ = {
			isa = XCConfigurationList;
			buildConfigurations = (
				C4AA18752B56A4820037869F /* Debug */,
				C4AA18762B56A4820037869F /* Release */,
			);
			defaultConfigurationIsVisible = 0;
			defaultConfigurationName = Release;
		};
		C4AA18772B56A4820037869F /* Build configuration list for PBXNativeTarget "Anneau" */ = {
			isa = XCConfigurationList;
			buildConfigurations = (
				C4AA18782B56A4820037869F /* Debug */,
				C4AA18792B56A4820037869F /* Release */,
			);
			defaultConfigurationIsVisible = 0;
			defaultConfigurationName = Release;
		};
/* End XCConfigurationList section */
	};
	rootObject = C4AA185B2B56A4800037869F /* Project object */;
}
